
Microsoft Visual Studio Solution File, Format Version 12.00
# Visual Studio Version 17
VisualStudioVersion = 17.14.37203.1
MinimumVisualStudioVersion = 10.0.40219.1
Project("{FAE04EC0-301F-11D3-BF4B-00C04F79EFBC}") = "CurrencyExchange.API", "CurrencyExchange.API\CurrencyExchange.API.csproj", "{90E5A62A-05BF-4829-99A5-FACB42748C10}"
EndProject
Project("{FAE04EC0-301F-11D3-BF4B-00C04F79EFBC}") = "CurrencyExchange.UnitTests", "CurrencyExchange.UnitTests\CurrencyExchange.UnitTests.csproj", "{BC7250A0-F313-413A-91D7-411409E7E6DE}"
EndProject
Project("{FAE04EC0-301F-11D3-BF4B-00C04F79EFBC}") = "CurrencyExchange.IntegrationTests", "CurrencyExchange.IntegrationTests\CurrencyExchange.IntegrationTests.csproj", "{5FD7C2E6-325B-46E9-B4BD-D5E9FA62CAB7}"
EndProject
Global
	GlobalSection(SolutionConfigurationPlatforms) = preSolution
		Debug|Any CPU = Debug|Any CPU
		Release|Any CPU = Release|Any CPU
	EndGlobalSection
	GlobalSection(ProjectConfigurationPlatforms) = postSolution
		{90E5A62A-05BF-4829-99A5-FACB42748C10}.Debug|Any CPU.ActiveCfg = Debug|Any CPU
		{90E5A62A-05BF-4829-99A5-FACB42748C10}.Debug|Any CPU.Build.0 = Debug|Any CPU
		{90E5A62A-05BF-4829-99A5-FACB42748C10}.Release|Any CPU.ActiveCfg = Release|Any CPU
		{90E5A62A-05BF-4829-99A5-FACB42748C10}.Release|Any CPU.Build.0 = Release|Any CPU
		{BC7250A0-F313-413A-91D7-411409E7E6DE}.Debug|Any CPU.ActiveCfg = Debug|Any CPU
		{BC7250A0-F313-413A-91D7-411409E7E6DE}.Debug|Any CPU.Build.0 = Debug|Any CPU
		{BC7250A0-F313-413A-91D7-411409E7E6DE}.Release|Any CPU.ActiveCfg = Release|Any CPU
		{BC7250A0-F313-413A-91D7-411409E7E6DE}.Release|Any CPU.Build.0 = Release|Any CPU
		{5FD7C2E6-325B-46E9-B4BD-D5E9FA62CAB7}.Debug|Any CPU.ActiveCfg = Debug|Any CPU
		{5FD7C2E6-325B-46E9-B4BD-D5E9FA62CAB7}.Debug|Any CPU.Build.0 = Debug|Any CPU
		{5FD7C2E6-325B-46E9-B4BD-D5E9FA62CAB7}.Release|Any CPU.ActiveCfg = Release|Any CPU
		{5FD7C2E6-325B-46E9-B4BD-D5E9FA62CAB7}.Release|Any CPU.Build.0 = Release|Any CPU
	EndGlobalSection
	GlobalSection(SolutionProperties) = preSolution
		HideSolutionNode = FALSE
	EndGlobalSection
	GlobalSection(ExtensibilityGlobals) = postSolution
		SolutionGuid = {80ADDE47-34A7-4C43-9B46-8A6DCCDF4F32}
	EndGlobalSection
EndGlobal
